
Microsoft Visual Studio Solution File, Format Version 12.00
# Visual Studio Version 17
VisualStudioVersion = 17.0.31903.59
MinimumVisualStudioVersion = 10.0.40219.1
Project("{FAE04EC0-301F-11D3-BF4B-00C04F79EFBC}") = "Akka.PackingCalculator.Core", "Akka.PackingCalculator.Core\Akka.PackingCalculator.Core.csproj", "{B765A5B2-52EB-4CD0-BE89-4E2B6C319630}"
EndProject
Project("{FAE04EC0-301F-11D3-BF4B-00C04F79EFBC}") = "Akka.PackingCalculator.AcceptanceTests", "Akka.PackingCalculator.AcceptanceTests\Akka.PackingCalculator.AcceptanceTests.csproj", "{8A2D2D82-1EE8-43F4-965C-B9970D8BFBB3}"
EndProject
Project("{FAE04EC0-301F-11D3-BF4B-00C04F79EFBC}") = "Akka.PackingCalculator", "Akka.PackingCalculator\Akka.PackingCalculator.csproj", "{B64B493D-40D4-4087-B2A1-AC00C928121A}"
EndProject
Global
	GlobalSection(SolutionProperties) = preSolution
		HideSolutionNode = FALSE
	EndGlobalSection
	GlobalSection(SolutionConfigurationPlatforms) = preSolution
		Debug|Any CPU = Debug|Any CPU
		Debug|x64 = Debug|x64
		Debug|x86 = Debug|x86
		Release|Any CPU = Release|Any CPU
		Release|x64 = Release|x64
		Release|x86 = Release|x86
	EndGlobalSection
	GlobalSection(ProjectConfigurationPlatforms) = postSolution
		{B765A5B2-52EB-4CD0-BE89-4E2B6C319630}.Debug|Any CPU.ActiveCfg = Debug|Any CPU
		{B765A5B2-52EB-4CD0-BE89-4E2B6C319630}.Debug|Any CPU.Build.0 = Debug|Any CPU
		{B765A5B2-52EB-4CD0-BE89-4E2B6C319630}.Debug|x64.ActiveCfg = Debug|Any CPU
		{B765A5B2-52EB-4CD0-BE89-4E2B6C319630}.Debug|x64.Build.0 = Debug|Any CPU
		{B765A5B2-52EB-4CD0-BE89-4E2B6C319630}.Debug|x86.ActiveCfg = Debug|Any CPU
		{B765A5B2-52EB-4CD0-BE89-4E2B6C319630}.Debug|x86.Build.0 = Debug|Any CPU
		{B765A5B2-52EB-4CD0-BE89-4E2B6C319630}.Release|Any CPU.ActiveCfg = Release|Any CPU
		{B765A5B2-52EB-4CD0-BE89-4E2B6C319630}.Release|Any CPU.Build.0 = Release|Any CPU
		{B765A5B2-52EB-4CD0-BE89-4E2B6C319630}.Release|x64.ActiveCfg = Release|Any CPU
		{B765A5B2-52EB-4CD0-BE89-4E2B6C319630}.Release|x64.Build.0 = Release|Any CPU
		{B765A5B2-52EB-4CD0-BE89-4E2B6C319630}.Release|x86.ActiveCfg = Release|Any CPU
		{B765A5B2-52EB-4CD0-BE89-4E2B6C319630}.Release|x86.Build.0 = Release|Any CPU
		{8A2D2D82-1EE8-43F4-965C-B9970D8BFBB3}.Debug|Any CPU.ActiveCfg = Debug|Any CPU
		{8A2D2D82-1EE8-43F4-965C-B9970D8BFBB3}.Debug|Any CPU.Build.0 = Debug|Any CPU
		{8A2D2D82-1EE8-43F4-965C-B9970D8BFBB3}.Debug|x64.ActiveCfg = Debug|Any CPU
		{8A2D2D82-1EE8-43F4-965C-B9970D8BFBB3}.Debug|x64.Build.0 = Debug|Any CPU
		{8A2D2D82-1EE8-43F4-965C-B9970D8BFBB3}.Debug|x86.ActiveCfg = Debug|Any CPU
		{8A2D2D82-1EE8-43F4-965C-B9970D8BFBB3}.Debug|x86.Build.0 = Debug|Any CPU
		{8A2D2D82-1EE8-43F4-965C-B9970D8BFBB3}.Release|Any CPU.ActiveCfg = Release|Any CPU
		{8A2D2D82-1EE8-43F4-965C-B9970D8BFBB3}.Release|Any CPU.Build.0 = Release|Any CPU
		{8A2D2D82-1EE8-43F4-965C-B9970D8BFBB3}.Release|x64.ActiveCfg = Release|Any CPU
		{8A2D2D82-1EE8-43F4-965C-B9970D8BFBB3}.Release|x64.Build.0 = Release|Any CPU
		{8A2D2D82-1EE8-43F4-965C-B9970D8BFBB3}.Release|x86.ActiveCfg = Release|Any CPU
		{8A2D2D82-1EE8-43F4-965C-B9970D8BFBB3}.Release|x86.Build.0 = Release|Any CPU
		{B64B493D-40D4-4087-B2A1-AC00C928121A}.Debug|Any CPU.ActiveCfg = Debug|Any CPU
		{B64B493D-40D4-4087-B2A1-AC00C928121A}.Debug|Any CPU.Build.0 = Debug|Any CPU
		{B64B493D-40D4-4087-B2A1-AC00C928121A}.Debug|x64.ActiveCfg = Debug|Any CPU
		{B64B493D-40D4-4087-B2A1-AC00C928121A}.Debug|x64.Build.0 = Debug|Any CPU
		{B64B493D-40D4-4087-B2A1-AC00C928121A}.Debug|x86.ActiveCfg = Debug|Any CPU
		{B64B493D-40D4-4087-B2A1-AC00C928121A}.Debug|x86.Build.0 = Debug|Any CPU
		{B64B493D-40D4-4087-B2A1-AC00C928121A}.Release|Any CPU.ActiveCfg = Release|Any CPU
		{B64B493D-40D4-4087-B2A1-AC00C928121A}.Release|Any CPU.Build.0 = Release|Any CPU
		{B64B493D-40D4-4087-B2A1-AC00C928121A}.Release|x64.ActiveCfg = Release|Any CPU
		{B64B493D-40D4-4087-B2A1-AC00C928121A}.Release|x64.Build.0 = Release|Any CPU
		{B64B493D-40D4-4087-B2A1-AC00C928121A}.Release|x86.ActiveCfg = Release|Any CPU
		{B64B493D-40D4-4087-B2A1-AC00C928121A}.Release|x86.Build.0 = Release|Any CPU
	EndGlobalSection
EndGlobal
